
Microsoft Visual Studio Solution File, Format Version 12.00
# Visual Studio Version 17
VisualStudioVersion = 17.4.33213.308
MinimumVisualStudioVersion = 10.0.40219.1
Project("{FAE04EC0-301F-11D3-BF4B-00C04F79EFBC}") = "Examgrade", "Examgrade\Examgrade.csproj", "{D3CC0DBE-644E-4E22-8AD0-5816C3CA327D}"
EndProject
Global
	GlobalSection(SolutionConfigurationPlatforms) = preSolution
		Debug|Any CPU = Debug|Any CPU
		Release|Any CPU = Release|Any CPU
	EndGlobalSection
	GlobalSection(ProjectConfigurationPlatforms) = postSolution
		{D3CC0DBE-644E-4E22-8AD0-5816C3CA327D}.Debug|Any CPU.ActiveCfg = Debug|Any CPU
		{D3CC0DBE-644E-4E22-8AD0-5816C3CA327D}.Debug|Any CPU.Build.0 = Debug|Any CPU
		{D3CC0DBE-644E-4E22-8AD0-5816C3CA327D}.Release|Any CPU.ActiveCfg = Release|Any CPU
		{D3CC0DBE-644E-4E22-8AD0-5816C3CA327D}.Release|Any CPU.Build.0 = Release|Any CPU
	EndGlobalSection
	GlobalSection(SolutionProperties) = preSolution
		HideSolutionNode = FALSE
	EndGlobalSection
	GlobalSection(ExtensibilityGlobals) = postSolution
		SolutionGuid = {E0F38409-C558-4164-8F3B-7D18DAFCB801}
	EndGlobalSection
EndGlobal
