
Microsoft Visual Studio Solution File, Format Version 12.00
# Visual Studio Version 17
VisualStudioVersion = 17.4.33213.308
MinimumVisualStudioVersion = 10.0.40219.1
Project("{FAE04EC0-301F-11D3-BF4B-00C04F79EFBC}") = "examprac", "examprac\examprac.csproj", "{CAAB39AE-F018-4B84-937C-6B2868858700}"
EndProject
Global
	GlobalSection(SolutionConfigurationPlatforms) = preSolution
		Debug|Any CPU = Debug|Any CPU
		Release|Any CPU = Release|Any CPU
	EndGlobalSection
	GlobalSection(ProjectConfigurationPlatforms) = postSolution
		{CAAB39AE-F018-4B84-937C-6B2868858700}.Debug|Any CPU.ActiveCfg = Debug|Any CPU
		{CAAB39AE-F018-4B84-937C-6B2868858700}.Debug|Any CPU.Build.0 = Debug|Any CPU
		{CAAB39AE-F018-4B84-937C-6B2868858700}.Release|Any CPU.ActiveCfg = Release|Any CPU
		{CAAB39AE-F018-4B84-937C-6B2868858700}.Release|Any CPU.Build.0 = Release|Any CPU
	EndGlobalSection
	GlobalSection(SolutionProperties) = preSolution
		HideSolutionNode = FALSE
	EndGlobalSection
	GlobalSection(ExtensibilityGlobals) = postSolution
		SolutionGuid = {92E475AE-FB13-4347-B81A-3CF0F3FC0608}
	EndGlobalSection
EndGlobal
