
Microsoft Visual Studio Solution File, Format Version 12.00
# Visual Studio Version 17
VisualStudioVersion = 17.4.33213.308
MinimumVisualStudioVersion = 10.0.40219.1
Project("{FAE04EC0-301F-11D3-BF4B-00C04F79EFBC}") = "Prac6", "Prac6\Prac6.csproj", "{6BEDDE56-3517-4726-B348-796DC5D4C42B}"
EndProject
Global
	GlobalSection(SolutionConfigurationPlatforms) = preSolution
		Debug|Any CPU = Debug|Any CPU
		Release|Any CPU = Release|Any CPU
	EndGlobalSection
	GlobalSection(ProjectConfigurationPlatforms) = postSolution
		{6BEDDE56-3517-4726-B348-796DC5D4C42B}.Debug|Any CPU.ActiveCfg = Debug|Any CPU
		{6BEDDE56-3517-4726-B348-796DC5D4C42B}.Debug|Any CPU.Build.0 = Debug|Any CPU
		{6BEDDE56-3517-4726-B348-796DC5D4C42B}.Release|Any CPU.ActiveCfg = Release|Any CPU
		{6BEDDE56-3517-4726-B348-796DC5D4C42B}.Release|Any CPU.Build.0 = Release|Any CPU
	EndGlobalSection
	GlobalSection(SolutionProperties) = preSolution
		HideSolutionNode = FALSE
	EndGlobalSection
	GlobalSection(ExtensibilityGlobals) = postSolution
		SolutionGuid = {2DD3838C-1B93-4C0F-A6A5-A7763E88DDA2}
	EndGlobalSection
EndGlobal
